
Microsoft Visual Studio Solution File, Format Version 12.00
# Visual Studio Version 16
VisualStudioVersion = 16.0.32228.343
MinimumVisualStudioVersion = 10.0.40219.1
Project("{FAE04EC0-301F-11D3-BF4B-00C04F79EFBC}") = "bytebank_ADM", "bytebank_ADM.csproj", "{CCB7D042-F7DC-4C58-AD7B-B18FCAF43B9E}"
EndProject
Global
	GlobalSection(SolutionConfigurationPlatforms) = preSolution
		Debug|Any CPU = Debug|Any CPU
		Release|Any CPU = Release|Any CPU
	EndGlobalSection
	GlobalSection(ProjectConfigurationPlatforms) = postSolution
		{CCB7D042-F7DC-4C58-AD7B-B18FCAF43B9E}.Debug|Any CPU.ActiveCfg = Debug|Any CPU
		{CCB7D042-F7DC-4C58-AD7B-B18FCAF43B9E}.Debug|Any CPU.Build.0 = Debug|Any CPU
		{CCB7D042-F7DC-4C58-AD7B-B18FCAF43B9E}.Release|Any CPU.ActiveCfg = Release|Any CPU
		{CCB7D042-F7DC-4C58-AD7B-B18FCAF43B9E}.Release|Any CPU.Build.0 = Release|Any CPU
	EndGlobalSection
	GlobalSection(SolutionProperties) = preSolution
		HideSolutionNode = FALSE
	EndGlobalSection
	GlobalSection(ExtensibilityGlobals) = postSolution
		SolutionGuid = {B75F87BE-22BD-4E5C-874E-FCF39EB86F4B}
	EndGlobalSection
EndGlobal
